# This file is generated by running "yarn install" inside your project.
# Manual changes might be lost - proceed with caution!

__metadata:
  version: 6
  cacheKey: 8

"@envelop/core@npm:^4.0.0":
  version: 4.0.0
  resolution: "@envelop/core@npm:4.0.0"
  dependencies:
    "@envelop/types": 4.0.0
    tslib: ^2.5.0
  checksum: 575039dfebeadaac3ea61fd700dcc806e26f04f045dc4457052b7cc1ca7c9c37bf9a98a8e4d377d20c69a4e7dc62c11b8884b70f2a218944736ee58c588d498b
  languageName: node
  linkType: hard

"@envelop/types@npm:4.0.0":
  version: 4.0.0
  resolution: "@envelop/types@npm:4.0.0"
  dependencies:
    tslib: ^2.5.0
  checksum: cd8bad3ef7d9ee6015e3befbd27a1fb66a560d1397111b0fe22d8a107c7509ab48f183752d514321e35e9c27e9e970e004579867d64105768fce69ccca411ac7
  languageName: node
  linkType: hard

"@graphql-tools/executor@npm:^1.0.0":
  version: 1.2.0
  resolution: "@graphql-tools/executor@npm:1.2.0"
  dependencies:
    "@graphql-tools/utils": ^10.0.0
    "@graphql-typed-document-node/core": 3.2.0
    "@repeaterjs/repeater": ^3.0.4
    tslib: ^2.4.0
    value-or-promise: ^1.0.12
  peerDependencies:
    graphql: ^14.0.0 || ^15.0.0 || ^16.0.0 || ^17.0.0
  checksum: a6fe10636e433155a8fb76f1be76f4f55e7e54c7473a14c546a7b558819e92b3658f33f1cb646b9523a22d692b95f2cbd5a8e628f4f263fa48f229ddf98a6850
  languageName: node
  linkType: hard

"@graphql-tools/merge@npm:^9.0.0":
  version: 9.0.0
  resolution: "@graphql-tools/merge@npm:9.0.0"
  dependencies:
    "@graphql-tools/utils": ^10.0.0
    tslib: ^2.4.0
  peerDependencies:
    graphql: ^14.0.0 || ^15.0.0 || ^16.0.0 || ^17.0.0
  checksum: e93794260faa477979bdc22f05da26c0eff02bd82c11565a1197152b70b5ab1c73dc6f8a05caf06737bcb18cb244bd19ee99d62bfc41af3bffb3c17eddb70edf
  languageName: node
  linkType: hard

"@graphql-tools/schema@npm:^10.0.0":
  version: 10.0.0
  resolution: "@graphql-tools/schema@npm:10.0.0"
  dependencies:
    "@graphql-tools/merge": ^9.0.0
    "@graphql-tools/utils": ^10.0.0
    tslib: ^2.4.0
    value-or-promise: ^1.0.12
  peerDependencies:
    graphql: ^14.0.0 || ^15.0.0 || ^16.0.0 || ^17.0.0
  checksum: 550e9a4528584a4d108892f1553fb5b2590e63e88b9a9d3c1ad80b01c974ca9947adb9d1448a6969230d90c15dc96e8e84d62f32ef0fde804c389b43ac5bd739
  languageName: node
  linkType: hard

"@graphql-tools/utils@npm:^10.0.0":
  version: 10.0.5
  resolution: "@graphql-tools/utils@npm:10.0.5"
  dependencies:
    "@graphql-typed-document-node/core": ^3.1.1
    dset: ^3.1.2
    tslib: ^2.4.0
  peerDependencies:
    graphql: ^14.0.0 || ^15.0.0 || ^16.0.0 || ^17.0.0
  checksum: 600eb668b0a80264a56d1bfc2b431073a620de8ffea959362a1d13c4e0dd5738b627cc508ead8ecdbd7c1a2da05d5664e43443e15d3b221a809fa1a0e2740193
  languageName: node
  linkType: hard

"@graphql-typed-document-node/core@npm:3.2.0, @graphql-typed-document-node/core@npm:^3.1.1":
  version: 3.2.0
  resolution: "@graphql-typed-document-node/core@npm:3.2.0"
  peerDependencies:
    graphql: ^0.8.0 || ^0.9.0 || ^0.10.0 || ^0.11.0 || ^0.12.0 || ^0.13.0 || ^14.0.0 || ^15.0.0 || ^16.0.0 || ^17.0.0
  checksum: fa44443accd28c8cf4cb96aaaf39d144a22e8b091b13366843f4e97d19c7bfeaf609ce3c7603a4aeffe385081eaf8ea245d078633a7324c11c5ec4b2011bb76d
  languageName: node
  linkType: hard

"@graphql-yoga/logger@npm:^1.0.0":
  version: 1.0.0
  resolution: "@graphql-yoga/logger@npm:1.0.0"
  dependencies:
    tslib: ^2.5.2
  checksum: 6d4e963b1386fbb68716d8b8192533337998e86d7c013e58816d42392a287d2b3b63f92c2cd89155edd936d51c2c1e44fb2d6487359879a85f113e6be7b838a1
  languageName: node
  linkType: hard

"@graphql-yoga/subscription@npm:^4.0.0":
  version: 4.0.0
  resolution: "@graphql-yoga/subscription@npm:4.0.0"
  dependencies:
    "@graphql-yoga/typed-event-target": ^2.0.0
    "@repeaterjs/repeater": ^3.0.4
    "@whatwg-node/events": ^0.1.0
    tslib: ^2.5.2
  checksum: b0ead0a5e07d8087322b0d426bd8c45218b13e5e7b476a664304ad7836c9eff0f2f71a1698effd6bd3d4703f9d69b7c1e06c89eb892645693dc0ac8dd8f13cc1
  languageName: node
  linkType: hard

"@graphql-yoga/typed-event-target@npm:^2.0.0":
  version: 2.0.0
  resolution: "@graphql-yoga/typed-event-target@npm:2.0.0"
  dependencies:
    "@repeaterjs/repeater": ^3.0.4
    tslib: ^2.5.2
  checksum: 1d6be24b71892714a1e4894da09d64739db2c817997068c09483b6e42b02a7655ffce8938d252711da7b076057c3ea25a021f8d9ad68fd30811f5e0a0941bf1b
  languageName: node
  linkType: hard

"@repeaterjs/repeater@npm:^3.0.4":
  version: 3.0.4
  resolution: "@repeaterjs/repeater@npm:3.0.4"
  checksum: cca0db3e802bc26fcce0b4a574074d9956da53bf43094de03c0e4732d05e13441279a92f0b96e2a7a39da50933684947a138c1213406eaafe39cfd4683d6c0df
  languageName: node
  linkType: hard

"@whatwg-node/events@npm:^0.1.0":
  version: 0.1.1
  resolution: "@whatwg-node/events@npm:0.1.1"
  checksum: 3a356ca23522190201e27446cfd7ebf1cf96815ddb9d1ba5da0a00bbe6c1d28b4094862104411101fbedd47c758b25fe3683033f6a3e80933029efd664c33567
  languageName: node
  linkType: hard

"@whatwg-node/fetch@npm:^0.9.7":
  version: 0.9.9
  resolution: "@whatwg-node/fetch@npm:0.9.9"
  dependencies:
    "@whatwg-node/node-fetch": ^0.4.8
    urlpattern-polyfill: ^9.0.0
  checksum: d77127d264ce3dd99880520c54cf5fad3db1ab3c62c37ab81a3983e9dbc1b349a16aafc003232e7f093cce55129fa07a20e0d5c8585ec8ddb6fd9c22c09cd669
  languageName: node
  linkType: hard

"@whatwg-node/node-fetch@npm:^0.4.8":
  version: 0.4.13
  resolution: "@whatwg-node/node-fetch@npm:0.4.13"
  dependencies:
    "@whatwg-node/events": ^0.1.0
    busboy: ^1.6.0
    fast-querystring: ^1.1.1
    fast-url-parser: ^1.1.3
    tslib: ^2.3.1
  checksum: 2acfec78f24a2ac5914e67968629a723da567724cb3784e3c6f51cb7fc1a4aa28abfa8a14198b6f44fe28ad2ee7f068850b998cee6014d79496e19b3b539c294
  languageName: node
  linkType: hard

"@whatwg-node/server@npm:^0.9.1":
  version: 0.9.11
  resolution: "@whatwg-node/server@npm:0.9.11"
  dependencies:
    "@whatwg-node/fetch": ^0.9.7
    tslib: ^2.3.1
  checksum: 5da35ef069fa43ac2a90a2a14315f59375da08a96cc64164c6d6e4f900996411e0816e05981946b697ea5abfc57fd1de968ffe10a40ae5451f43a238a7465dde
  languageName: node
  linkType: hard

"busboy@npm:^1.6.0":
  version: 1.6.0
  resolution: "busboy@npm:1.6.0"
  dependencies:
    streamsearch: ^1.1.0
  checksum: 32801e2c0164e12106bf236291a00795c3c4e4b709ae02132883fe8478ba2ae23743b11c5735a0aae8afe65ac4b6ca4568b91f0d9fed1fdbc32ede824a73746e
  languageName: node
  linkType: hard

"dset@npm:^3.1.1, dset@npm:^3.1.2":
  version: 3.1.2
  resolution: "dset@npm:3.1.2"
  checksum: 4f8066f517aa0a70af688c66e9a0a5590f0aada76f6edc7ba9ddb309e27d3a6d65c0a2e31ab2a84005d4c791e5327773cdde59b8ab169050330a0dc283663e87
  languageName: node
  linkType: hard

"fast-decode-uri-component@npm:^1.0.1":
  version: 1.0.1
  resolution: "fast-decode-uri-component@npm:1.0.1"
  checksum: 427a48fe0907e76f0e9a2c228e253b4d8a8ab21d130ee9e4bb8339c5ba4086235cf9576831f7b20955a752eae4b525a177ff9d5825dd8d416e7726939194fbee
  languageName: node
  linkType: hard

"fast-querystring@npm:^1.1.1":
  version: 1.1.2
  resolution: "fast-querystring@npm:1.1.2"
  dependencies:
    fast-decode-uri-component: ^1.0.1
  checksum: 7149f82ee9ac39a9c08c7ffe435b9f6deade76ae5e3675fe1835720513e8c4bc541e666b4b7b1c0c07e08f369dcf4828d00f2bee39889a90a168e1439cf27b0b
  languageName: node
  linkType: hard

"fast-url-parser@npm:^1.1.3":
  version: 1.1.3
  resolution: "fast-url-parser@npm:1.1.3"
  dependencies:
    punycode: ^1.3.2
  checksum: 5043d0c4a8d775ff58504d56c096563c11b113e4cb8a2668c6f824a1cd4fb3812e2fdf76537eb24a7ce4ae7def6bd9747da630c617cf2a4b6ce0c42514e4f21c
  languageName: node
  linkType: hard

"gql-lessons@workspace:.":
  version: 0.0.0-use.local
  resolution: "gql-lessons@workspace:."
  dependencies:
    graphql: ^16.8.0
    graphql-yoga: ^4.0.4
  languageName: unknown
  linkType: soft

"graphql-yoga@npm:^4.0.4":
  version: 4.0.4
  resolution: "graphql-yoga@npm:4.0.4"
  dependencies:
    "@envelop/core": ^4.0.0
    "@graphql-tools/executor": ^1.0.0
    "@graphql-tools/schema": ^10.0.0
    "@graphql-tools/utils": ^10.0.0
    "@graphql-yoga/logger": ^1.0.0
    "@graphql-yoga/subscription": ^4.0.0
    "@whatwg-node/fetch": ^0.9.7
    "@whatwg-node/server": ^0.9.1
    dset: ^3.1.1
    lru-cache: ^10.0.0
    tslib: ^2.5.2
  peerDependencies:
    graphql: ^15.2.0 || ^16.0.0
  checksum: d8a91db51a2c67c07540d3db2f2261454d5b759da469b1f8703da4aa742b1b57726ddb1de56566b40d830e37b95016436d0c4306697f25fd16e5c51ab3137e3a
  languageName: node
  linkType: hard

"graphql@npm:^16.8.0":
  version: 16.8.0
  resolution: "graphql@npm:16.8.0"
  checksum: d853d4085b0c911a7e2a926c3b0d379934ec61cd4329e70cdf281763102f024fd80a97db7a505b8b04fed9050cb4875f8f518150ea854557a500a0b41dcd7f4e
  languageName: node
  linkType: hard

"lru-cache@npm:^10.0.0":
  version: 10.0.1
  resolution: "lru-cache@npm:10.0.1"
  checksum: 06f8d0e1ceabd76bb6f644a26dbb0b4c471b79c7b514c13c6856113879b3bf369eb7b497dad4ff2b7e2636db202412394865b33c332100876d838ad1372f0181
  languageName: node
  linkType: hard

"punycode@npm:^1.3.2":
  version: 1.4.1
  resolution: "punycode@npm:1.4.1"
  checksum: fa6e698cb53db45e4628559e557ddaf554103d2a96a1d62892c8f4032cd3bc8871796cae9eabc1bc700e2b6677611521ce5bb1d9a27700086039965d0cf34518
  languageName: node
  linkType: hard

"streamsearch@npm:^1.1.0":
  version: 1.1.0
  resolution: "streamsearch@npm:1.1.0"
  checksum: 1cce16cea8405d7a233d32ca5e00a00169cc0e19fbc02aa839959985f267335d435c07f96e5e0edd0eadc6d39c98d5435fb5bbbdefc62c41834eadc5622ad942
  languageName: node
  linkType: hard

"tslib@npm:^2.3.1, tslib@npm:^2.4.0, tslib@npm:^2.5.0, tslib@npm:^2.5.2":
  version: 2.6.2
  resolution: "tslib@npm:2.6.2"
  checksum: 329ea56123005922f39642318e3d1f0f8265d1e7fcb92c633e0809521da75eeaca28d2cf96d7248229deb40e5c19adf408259f4b9640afd20d13aecc1430f3ad
  languageName: node
  linkType: hard

"urlpattern-polyfill@npm:^9.0.0":
  version: 9.0.0
  resolution: "urlpattern-polyfill@npm:9.0.0"
  checksum: d3658b78a10eaee514c464f5a4336c408c70cf01e9b915cb1df5892b3c49003d1ed4042dc72d1b18493b8b847883e84fbf2bf358abb5dff84b2725d5e8463bcb
  languageName: node
  linkType: hard

"value-or-promise@npm:^1.0.12":
  version: 1.0.12
  resolution: "value-or-promise@npm:1.0.12"
  checksum: f53a66c75b7447c90bbaf946a757ca09c094629cb80ba742f59c980ec3a69be0a385a0e75505dedb4e757862f1a994ca4beaf083a831f24d3ffb3d4bb18cd1e1
  languageName: node
  linkType: hard
